// !$*UTF8*$!
{
	archiveVersion = 1;
	classes = {
	};
	objectVersion = 46;
	objects = {

/* Begin PBXBuildFile section */
		4AACD7321D4A061C00DA928E /* main.m in Sources */ = {isa = PBXBuildFile; fileRef = 4AACD7311D4A061C00DA928E /* main.m */; };
		4AACD7351D4A061C00DA928E /* AppDelegate.m in Sources */ = {isa = PBXBuildFile; fileRef = 4AACD7341D4A061C00DA928E /* AppDelegate.m */; };
		4AACD7381D4A061C00DA928E /* ViewController.m in Sources */ = {isa = PBXBuildFile; fileRef = 4AACD7371D4A061C00DA928E /* ViewController.m */; };
		4AACD73B1D4A061C00DA928E /* Main.storyboard in Resources */ = {isa = PBXBuildFile; fileRef = 4AACD7391D4A061C00DA928E /* Main.storyboard */; };
		4AACD73D1D4A061C00DA928E /* Assets.xcassets in Resources */ = {isa = PBXBuildFile; fileRef = 4AACD73C1D4A061C00DA928E /* Assets.xcassets */; };
		4AACD7401D4A061C00DA928E /* LaunchScreen.storyboard in Resources */ = {isa = PBXBuildFile; fileRef = 4AACD73E1D4A061C00DA928E /* LaunchScreen.storyboard */; };
		4AACD74B1D4A061C00DA928E /* TestTests.m in Sources */ = {isa = PBXBuildFile; fileRef = 4AACD74A1D4A061C00DA928E /* TestTests.m */; };
/* End PBXBuildFile section */

/* Begin PBXContainerItemProxy section */
		4AACD7471D4A061C00DA928E /* PBXContainerItemProxy */ = {
			isa = PBXContainerItemProxy;
			containerPortal = 4AACD7251D4A061C00DA928E /* Project object */;
			proxyType = 1;
			remoteGlobalIDString = 4AACD72C1D4A061C00DA928E;
			remoteInfo = Test;
		};
/* End PBXContainerItemProxy section */

/* Begin PBXFileReference section */
		4AACD72D1D4A061C00DA928E /* Test.app */ = {isa = PBXFileReference; explicitFileType = wrapper.application; includeInIndex = 0; path = Test.app; sourceTree = BUILT_PRODUCTS_DIR; };
		4AACD7311D4A061C00DA928E /* main.m */ = {isa = PBXFileReference; lastKnownFileType = sourcecode.c.objc; path = main.m; sourceTree = "<group>"; };
		4AACD7331D4A061C00DA928E /* AppDelegate.h */ = {isa = PBXFileReference; lastKnownFileType = sourcecode.c.h; path = AppDelegate.h; sourceTree = "<group>"; };
		4AACD7341D4A061C00DA928E /* AppDelegate.m */ = {isa = PBXFileReference; lastKnownFileType = sourcecode.c.objc; path = AppDelegate.m; sourceTree = "<group>"; };
		4AACD7361D4A061C00DA928E /* ViewController.h */ = {isa = PBXFileReference; lastKnownFileType = sourcecode.c.h; path = ViewController.h; sourceTree = "<group>"; };
		4AACD7371D4A061C00DA928E /* ViewController.m */ = {isa = PBXFileReference; lastKnownFileType = sourcecode.c.objc; path = ViewController.m; sourceTree = "<group>"; };
		4AACD73A1D4A061C00DA928E /* Base */ = {isa = PBXFileReference; lastKnownFileType = file.storyboard; name = Base; path = Base.lproj/Main.storyboard; sourceTree = "<group>"; };
		4AACD73C1D4A061C00DA928E /* Assets.xcassets */ = {isa = PBXFileReference; lastKnownFileType = folder.assetcatalog; path = Assets.xcassets; sourceTree = "<group>"; };
		4AACD73F1D4A061C00DA928E /* Base */ = {isa = PBXFileReference; lastKnownFileType = file.storyboard; name = Base; path = Base.lproj/LaunchScreen.storyboard; sourceTree = "<group>"; };
		4AACD7411D4A061C00DA928E /* Info.plist */ = {isa = PBXFileReference; lastKnownFileType = text.plist.xml; path = Info.plist; sourceTree = "<group>"; };
		4AACD7461D4A061C00DA928E /* TestTests.xctest */ = {isa = PBXFileReference; explicitFileType = wrapper.cfbundle; includeInIndex = 0; path = TestTests.xctest; sourceTree = BUILT_PRODUCTS_DIR; };
		4AACD74A1D4A061C00DA928E /* TestTests.m */ = {isa = PBXFileReference; lastKnownFileType = sourcecode.c.objc; path = TestTests.m; sourceTree = "<group>"; };
		4AACD74C1D4A061C00DA928E /* Info.plist */ = {isa = PBXFileReference; lastKnownFileType = text.plist.xml; path = Info.plist; sourceTree = "<group>"; };
/* End PBXFileReference section */

/* Begin PBXFrameworksBuildPhase section */
		4AACD72A1D4A061C00DA928E /* Frameworks */ = {
			isa = PBXFrameworksBuildPhase;
			buildActionMask = 2147483647;
			files = (
			);
			runOnlyForDeploymentPostprocessing = 0;
		};
		4AACD7431D4A061C00DA928E /* Frameworks */ = {
			isa = PBXFrameworksBuildPhase;
			buildActionMask = 2147483647;
			files = (
			);
			runOnlyForDeploymentPostprocessing = 0;
		};
/* End PBXFrameworksBuildPhase section */

/* Begin PBXGroup section */
		4AACD7241D4A061C00DA928E = {
			isa = PBXGroup;
			children = (
				4AACD72F1D4A061C00DA928E /* Test */,
				4AACD7491D4A061C00DA928E /* TestTests */,
				4AACD72E1D4A061C00DA928E /* Products */,
			);
			sourceTree = "<group>";
		};
		4AACD72E1D4A061C00DA928E /* Products */ = {
			isa = PBXGroup;
			children = (
				4AACD72D1D4A061C00DA928E /* Test.app */,
				4AACD7461D4A061C00DA928E /* TestTests.xctest */,
			);
			name = Products;
			sourceTree = "<group>";
		};
		4AACD72F1D4A061C00DA928E /* Test */ = {
			isa = PBXGroup;
			children = (
				4AACD7331D4A061C00DA928E /* AppDelegate.h */,
				4AACD7341D4A061C00DA928E /* AppDelegate.m */,
				4AACD7361D4A061C00DA928E /* ViewController.h */,
				4AACD7371D4A061C00DA928E /* ViewController.m */,
				4AACD7391D4A061C00DA928E /* Main.storyboard */,
				4AACD73C1D4A061C00DA928E /* Assets.xcassets */,
				4AACD73E1D4A061C00DA928E /* LaunchScreen.storyboard */,
				4AACD7411D4A061C00DA928E /* Info.plist */,
				4AACD7301D4A061C00DA928E /* Supporting Files */,
			);
			path = Test;
			sourceTree = "<group>";
		};
		4AACD7301D4A061C00DA928E /* Supporting Files */ = {
			isa = PBXGroup;
			children = (
				4AACD7311D4A061C00DA928E /* main.m */,
			);
			name = "Supporting Files";
			sourceTree = "<group>";
		};
		4AACD7491D4A061C00DA928E /* TestTests */ = {
			isa = PBXGroup;
			children = (
				4AACD74A1D4A061C00DA928E /* TestTests.m */,
				4AACD74C1D4A061C00DA928E /* Info.plist */,
			);
			path = TestTests;
			sourceTree = "<group>";
		};
/* End PBXGroup section */

/* Begin PBXNativeTarget section */
		4AACD72C1D4A061C00DA928E /* Test */ = {
			isa = PBXNativeTarget;
			buildConfigurationList = 4AACD74F1D4A061C00DA928E /* Build configuration list for PBXNativeTarget "Test" */;
			buildPhases = (
				4AACD7291D4A061C00DA928E /* Sources */,
				4AACD72A1D4A061C00DA928E /* Frameworks */,
				4AACD72B1D4A061C00DA928E /* Resources */,
			);
			buildRules = (
			);
			dependencies = (
			);
			name = Test;
			productName = Test;
			productReference = 4AACD72D1D4A061C00DA928E /* Test.app */;
			productType = "com.apple.product-type.application";
		};
		4AACD7451D4A061C00DA928E /* TestTests */ = {
			isa = PBXNativeTarget;
			buildConfigurationList = 4AACD7521D4A061C00DA928E /* Build configuration list for PBXNativeTarget "TestTests" */;
			buildPhases = (
				4AACD7421D4A061C00DA928E /* Sources */,
				4AACD7431D4A061C00DA928E /* Frameworks */,
				4AACD7441D4A061C00DA928E /* Resources */,
			);
			buildRules = (
			);
			dependencies = (
				4AACD7481D4A061C00DA928E /* PBXTargetDependency */,
			);
			name = TestTests;
			productName = TestTests;
			productReference = 4AACD7461D4A061C00DA928E /* TestTests.xctest */;
			productType = "com.apple.product-type.bundle.unit-test";
		};
/* End PBXNativeTarget section */

/* Begin PBXProject section */
		4AACD7251D4A061C00DA928E /* Project object */ = {
			isa = PBXProject;
			attributes = {
				LastUpgradeCheck = 0720;
				ORGANIZATIONNAME = "程洋";
				TargetAttributes = {
					4AACD72C1D4A061C00DA928E = {
						CreatedOnToolsVersion = 7.2;
					};
					4AACD7451D4A061C00DA928E = {
						CreatedOnToolsVersion = 7.2;
						TestTargetID = 4AACD72C1D4A061C00DA928E;
					};
				};
			};
			buildConfigurationList = 4AACD7281D4A061C00DA928E /* Build configuration list for PBXProject "Test" */;
			compatibilityVersion = "Xcode 3.2";
			developmentRegion = English;
			hasScannedForEncodings = 0;
			knownRegions = (
				en,
				Base,
			);
			mainGroup = 4AACD7241D4A061C00DA928E;
			productRefGroup = 4AACD72E1D4A061C00DA928E /* Products */;
			projectDirPath = "";
			projectRoot = "";
			targets = (
				4AACD72C1D4A061C00DA928E /* Test */,
				4AACD7451D4A061C00DA928E /* TestTests */,
			);
		};
/* End PBXProject section */

/* Begin PBXResourcesBuildPhase section */
		4AACD72B1D4A061C00DA928E /* Resources */ = {
			isa = PBXResourcesBuildPhase;
			buildActionMask = 2147483647;
			files = (
				4AACD7401D4A061C00DA928E /* LaunchScreen.storyboard in Resources */,
				4AACD73D1D4A061C00DA928E /* Assets.xcassets in Resources */,
				4AACD73B1D4A061C00DA928E /* Main.storyboard in Resources */,
			);
			runOnlyForDeploymentPostprocessing = 0;
		};
		4AACD7441D4A061C00DA928E /* Resources */ = {
			isa = PBXResourcesBuildPhase;
			buildActionMask = 2147483647;
			files = (
			);
			runOnlyForDeploymentPostprocessing = 0;
		};
/* End PBXResourcesBuildPhase section */

/* Begin PBXSourcesBuildPhase section */
		4AACD7291D4A061C00DA928E /* Sources */ = {
			isa = PBXSourcesBuildPhase;
			buildActionMask = 2147483647;
			files = (
				4AACD7381D4A061C00DA928E /* ViewController.m in Sources */,
				4AACD7351D4A061C00DA928E /* AppDelegate.m in Sources */,
				4AACD7321D4A061C00DA928E /* main.m in Sources */,
			);
			runOnlyForDeploymentPostprocessing = 0;
		};
		4AACD7421D4A061C00DA928E /* Sources */ = {
			isa = PBXSourcesBuildPhase;
			buildActionMask = 2147483647;
			files = (
				4AACD74B1D4A061C00DA928E /* TestTests.m in Sources */,
			);
			runOnlyForDeploymentPostprocessing = 0;
		};
/* End PBXSourcesBuildPhase section */

/* Begin PBXTargetDependency section */
		4AACD7481D4A061C00DA928E /* PBXTargetDependency */ = {
			isa = PBXTargetDependency;
			target = 4AACD72C1D4A061C00DA928E /* Test */;
			targetProxy = 4AACD7471D4A061C00DA928E /* PBXContainerItemProxy */;
		};
/* End PBXTargetDependency section */

/* Begin PBXVariantGroup section */
		4AACD7391D4A061C00DA928E /* Main.storyboard */ = {
			isa = PBXVariantGroup;
			children = (
				4AACD73A1D4A061C00DA928E /* Base */,
			);
			name = Main.storyboard;
			sourceTree = "<group>";
		};
		4AACD73E1D4A061C00DA928E /* LaunchScreen.storyboard */ = {
			isa = PBXVariantGroup;
			children = (
				4AACD73F1D4A061C00DA928E /* Base */,
			);
			name = LaunchScreen.storyboard;
			sourceTree = "<group>";
		};
/* End PBXVariantGroup section */

/* Begin XCBuildConfiguration section */
		4AACD74D1D4A061C00DA928E /* Debug */ = {
			isa = XCBuildConfiguration;
			buildSettings = {
				ALWAYS_SEARCH_USER_PATHS = NO;
				CLANG_CXX_LANGUAGE_STANDARD = "gnu++0x";
				CLANG_CXX_LIBRARY = "libc++";
				CLANG_ENABLE_MODULES = YES;
				CLANG_ENABLE_OBJC_ARC = YES;
				CLANG_WARN_BOOL_CONVERSION = YES;
				CLANG_WARN_CONSTANT_CONVERSION = YES;
				CLANG_WARN_DIRECT_OBJC_ISA_USAGE = YES_ERROR;
				CLANG_WARN_EMPTY_BODY = YES;
				CLANG_WARN_ENUM_CONVERSION = YES;
				CLANG_WARN_INT_CONVERSION = YES;
				CLANG_WARN_OBJC_ROOT_CLASS = YES_ERROR;
				CLANG_WARN_UNREACHABLE_CODE = YES;
				CLANG_WARN__DUPLICATE_METHOD_MATCH = YES;
				"CODE_SIGN_IDENTITY[sdk=iphoneos*]" = "iPhone Developer";
				COPY_PHASE_STRIP = NO;
				DEBUG_INFORMATION_FORMAT = dwarf;
				ENABLE_STRICT_OBJC_MSGSEND = YES;
				ENABLE_TESTABILITY = YES;
				GCC_C_LANGUAGE_STANDARD = gnu99;
				GCC_DYNAMIC_NO_PIC = NO;
				GCC_NO_COMMON_BLOCKS = YES;
				GCC_OPTIMIZATION_LEVEL = 0;
				GCC_PREPROCESSOR_DEFINITIONS = (
					"DEBUG=1",
					"$(inherited)",
				);
				GCC_WARN_64_TO_32_BIT_CONVERSION = YES;
				GCC_WARN_ABOUT_RETURN_TYPE = YES_ERROR;
				GCC_WARN_UNDECLARED_SELECTOR = YES;
				GCC_WARN_UNINITIALIZED_AUTOS = YES_AGGRESSIVE;
				GCC_WARN_UNUSED_FUNCTION = YES;
				GCC_WARN_UNUSED_VARIABLE = YES;
				IPHONEOS_DEPLOYMENT_TARGET = 9.2;
				MTL_ENABLE_DEBUG_INFO = YES;
				ONLY_ACTIVE_ARCH = YES;
				SDKROOT = iphoneos;
				TARGETED_DEVICE_FAMILY = "1,2";
			};
			name = Debug;
		};
		4AACD74E1D4A061C00DA928E /* Release */ = {
			isa = XCBuildConfiguration;
			buildSettings = {
				ALWAYS_SEARCH_USER_PATHS = NO;
				CLANG_CXX_LANGUAGE_STANDARD = "gnu++0x";
				CLANG_CXX_LIBRARY = "libc++";
				CLANG_ENABLE_MODULES = YES;
				CLANG_ENABLE_OBJC_ARC = YES;
				CLANG_WARN_BOOL_CONVERSION = YES;
				CLANG_WARN_CONSTANT_CONVERSION = YES;
				CLANG_WARN_DIRECT_OBJC_ISA_USAGE = YES_ERROR;
				CLANG_WARN_EMPTY_BODY = YES;
				CLANG_WARN_ENUM_CONVERSION = YES;
				CLANG_WARN_INT_CONVERSION = YES;
				CLANG_WARN_OBJC_ROOT_CLASS = YES_ERROR;
				CLANG_WARN_UNREACHABLE_CODE = YES;
				CLANG_WARN__DUPLICATE_METHOD_MATCH = YES;
				"CODE_SIGN_IDENTITY[sdk=iphoneos*]" = "iPhone Developer";
				COPY_PHASE_STRIP = NO;
				DEBUG_INFORMATION_FORMAT = "dwarf-with-dsym";
				ENABLE_NS_ASSERTIONS = NO;
				ENABLE_STRICT_OBJC_MSGSEND = YES;
				GCC_C_LANGUAGE_STANDARD = gnu99;
				GCC_NO_COMMON_BLOCKS = YES;
				GCC_WARN_64_TO_32_BIT_CONVERSION = YES;
				GCC_WARN_ABOUT_RETURN_TYPE = YES_ERROR;
				GCC_WARN_UNDECLARED_SELECTOR = YES;
				GCC_WARN_UNINITIALIZED_AUTOS = YES_AGGRESSIVE;
				GCC_WARN_UNUSED_FUNCTION = YES;
				GCC_WARN_UNUSED_VARIABLE = YES;
				IPHONEOS_DEPLOYMENT_TARGET = 9.2;
				MTL_ENABLE_DEBUG_INFO = NO;
				SDKROOT = iphoneos;
				TARGETED_DEVICE_FAMILY = "1,2";
				VALIDATE_PRODUCT = YES;
			};
			name = Release;
		};
		4AACD7501D4A061C00DA928E /* Debug */ = {
			isa = XCBuildConfiguration;
			buildSettings = {
				ASSETCATALOG_COMPILER_APPICON_NAME = AppIcon;
				INFOPLIST_FILE = Test/Info.plist;
				LD_RUNPATH_SEARCH_PATHS = "$(inherited) @executable_path/Frameworks";
				PRODUCT_BUNDLE_IDENTIFIER = "--.Test";
				PRODUCT_NAME = "$(TARGET_NAME)";
			};
			name = Debug;
		};
		4AACD7511D4A061C00DA928E /* Release */ = {
			isa = XCBuildConfiguration;
			buildSettings = {
				ASSETCATALOG_COMPILER_APPICON_NAME = AppIcon;
				INFOPLIST_FILE = Test/Info.plist;
				LD_RUNPATH_SEARCH_PATHS = "$(inherited) @executable_path/Frameworks";
				PRODUCT_BUNDLE_IDENTIFIER = "--.Test";
				PRODUCT_NAME = "$(TARGET_NAME)";
			};
			name = Release;
		};
		4AACD7531D4A061C00DA928E /* Debug */ = {
			isa = XCBuildConfiguration;
			buildSettings = {
				BUNDLE_LOADER = "$(TEST_HOST)";
				INFOPLIST_FILE = TestTests/Info.plist;
				LD_RUNPATH_SEARCH_PATHS = "$(inherited) @executable_path/Frameworks @loader_path/Frameworks";
				PRODUCT_BUNDLE_IDENTIFIER = "--.TestTests";
				PRODUCT_NAME = "$(TARGET_NAME)";
				TEST_HOST = "$(BUILT_PRODUCTS_DIR)/Test.app/Test";
			};
			name = Debug;
		};
		4AACD7541D4A061C00DA928E /* Release */ = {
			isa = XCBuildConfiguration;
			buildSettings = {
				BUNDLE_LOADER = "$(TEST_HOST)";
				INFOPLIST_FILE = TestTests/Info.plist;
				LD_RUNPATH_SEARCH_PATHS = "$(inherited) @executable_path/Frameworks @loader_path/Frameworks";
				PRODUCT_BUNDLE_IDENTIFIER = "--.TestTests";
				PRODUCT_NAME = "$(TARGET_NAME)";
				TEST_HOST = "$(BUILT_PRODUCTS_DIR)/Test.app/Test";
			};
			name = Release;
		};
/* End XCBuildConfiguration section */

/* Begin XCConfigurationList section */
		4AACD7281D4A061C00DA928E /* Build configuration list for PBXProject "Test" */ = {
			isa = XCConfigurationList;
			buildConfigurations = (
				4AACD74D1D4A061C00DA928E /* Debug */,
				4AACD74E1D4A061C00DA928E /* Release */,
			);
			defaultConfigurationIsVisible = 0;
			defaultConfigurationName = Release;
		};
		4AACD74F1D4A061C00DA928E /* Build configuration list for PBXNativeTarget "Test" */ = {
			isa = XCConfigurationList;
			buildConfigurations = (
				4AACD7501D4A061C00DA928E /* Debug */,
				4AACD7511D4A061C00DA928E /* Release */,
			);
			defaultConfigurationIsVisible = 0;
		};
		4AACD7521D4A061C00DA928E /* Build configuration list for PBXNativeTarget "TestTests" */ = {
			isa = XCConfigurationList;
			buildConfigurations = (
				4AACD7531D4A061C00DA928E /* Debug */,
				4AACD7541D4A061C00DA928E /* Release */,
			);
			defaultConfigurationIsVisible = 0;
		};
/* End XCConfigurationList section */
	};
	rootObject = 4AACD7251D4A061C00DA928E /* Project object */;
}
